
Microsoft Visual Studio Solution File, Format Version 12.00
# Visual Studio 15
VisualStudioVersion = 15.0.27130.2036
MinimumVisualStudioVersion = 10.0.40219.1
Project("{FAE04EC0-301F-11D3-BF4B-00C04F79EFBC}") = "uygulama1-Textbox", "uygulama1-Textbox\uygulama1-Textbox.csproj", "{672A6B20-9EB5-4F1D-A4A2-37CD9EDDAB11}"
EndProject
Global
	GlobalSection(SolutionConfigurationPlatforms) = preSolution
		Debug|Any CPU = Debug|Any CPU
		Release|Any CPU = Release|Any CPU
	EndGlobalSection
	GlobalSection(ProjectConfigurationPlatforms) = postSolution
		{672A6B20-9EB5-4F1D-A4A2-37CD9EDDAB11}.Debug|Any CPU.ActiveCfg = Debug|Any CPU
		{672A6B20-9EB5-4F1D-A4A2-37CD9EDDAB11}.Debug|Any CPU.Build.0 = Debug|Any CPU
		{672A6B20-9EB5-4F1D-A4A2-37CD9EDDAB11}.Release|Any CPU.ActiveCfg = Release|Any CPU
		{672A6B20-9EB5-4F1D-A4A2-37CD9EDDAB11}.Release|Any CPU.Build.0 = Release|Any CPU
	EndGlobalSection
	GlobalSection(SolutionProperties) = preSolution
		HideSolutionNode = FALSE
	EndGlobalSection
	GlobalSection(ExtensibilityGlobals) = postSolution
		SolutionGuid = {F514A79C-0B6B-4FFF-9622-3B9B896A54C8}
	EndGlobalSection
EndGlobal
