
Microsoft Visual Studio Solution File, Format Version 12.00
# Visual Studio 15
VisualStudioVersion = 15.0.27130.2036
MinimumVisualStudioVersion = 10.0.40219.1
Project("{FAE04EC0-301F-11D3-BF4B-00C04F79EFBC}") = "calculator-v1", "calculator-v1\calculator-v1.csproj", "{B2DEA075-6A5A-4C3A-B2C3-ED7F2C1C73E3}"
EndProject
Global
	GlobalSection(SolutionConfigurationPlatforms) = preSolution
		Debug|Any CPU = Debug|Any CPU
		Release|Any CPU = Release|Any CPU
	EndGlobalSection
	GlobalSection(ProjectConfigurationPlatforms) = postSolution
		{B2DEA075-6A5A-4C3A-B2C3-ED7F2C1C73E3}.Debug|Any CPU.ActiveCfg = Debug|Any CPU
		{B2DEA075-6A5A-4C3A-B2C3-ED7F2C1C73E3}.Debug|Any CPU.Build.0 = Debug|Any CPU
		{B2DEA075-6A5A-4C3A-B2C3-ED7F2C1C73E3}.Release|Any CPU.ActiveCfg = Release|Any CPU
		{B2DEA075-6A5A-4C3A-B2C3-ED7F2C1C73E3}.Release|Any CPU.Build.0 = Release|Any CPU
	EndGlobalSection
	GlobalSection(SolutionProperties) = preSolution
		HideSolutionNode = FALSE
	EndGlobalSection
	GlobalSection(ExtensibilityGlobals) = postSolution
		SolutionGuid = {85450BAE-5C62-4109-A2F5-7AD34BD9CB57}
	EndGlobalSection
EndGlobal
